
Microsoft Visual Studio Solution File, Format Version 12.00
# Visual Studio Version 18
VisualStudioVersion = 18.0.11222.15
MinimumVisualStudioVersion = 10.0.40219.1
Project("{FAE04EC0-301F-11D3-BF4B-00C04F79EFBC}") = "IsaArtTattoo.AppHost", "IsaArtTattoo.AppHost\IsaArtTattoo.AppHost.csproj", "{43A2C0B3-4B65-4580-8D5F-62D9EDDAEB13}"
EndProject
Project("{FAE04EC0-301F-11D3-BF4B-00C04F79EFBC}") = "IsaArtTattoo.ServiceDefaults", "IsaArtTattoo.ServiceDefaults\IsaArtTattoo.ServiceDefaults.csproj", "{5290EE2B-7902-A432-2AC9-47B83468A414}"
EndProject
Project("{FAE04EC0-301F-11D3-BF4B-00C04F79EFBC}") = "IsaArtTattoo.IdentityApi", "IsaArtTattoo.IdentityApi\IsaArtTattoo.IdentityApi.csproj", "{BA630B1B-986E-9361-B078-5C4DC6F06C79}"
EndProject
Project("{54A90642-561A-4BB1-A94E-469ADEE60C69}") = "isaarttattoo-web", "isaarttattoo-web\isaarttattoo-web.esproj", "{64451A0E-A678-009B-C54F-FFB51DED231E}"
EndProject
Project("{FAE04EC0-301F-11D3-BF4B-00C04F79EFBC}") = "IsaArtTattoo.ApiGateWay", "IsaArtTattoo.ApiGateWay\IsaArtTattoo.ApiGateWay.csproj", "{BD6F8E6F-6855-C1B4-03FF-3229C423A818}"
EndProject
Project("{2150E333-8FDC-42A3-9474-1A3956D46DE8}") = "Elementos de la solución", "Elementos de la solución", "{27463664-30EA-47A6-AD4C-9455F8881A1B}"
	ProjectSection(SolutionItems) = preProject
		Directory.Build.props = Directory.Build.props
		Directory.Packages.props = Directory.Packages.props
		..\..\OrderFlowClase\k6-load-test.js = ..\..\OrderFlowClase\k6-load-test.js
	EndProjectSection
EndProject
Project("{FAE04EC0-301F-11D3-BF4B-00C04F79EFBC}") = "IsaArtTattoo.Shared", "IsaArtTattoo.Shared\IsaArtTattoo.Shared.csproj", "{9B9A6C35-82C7-4A5D-A4AB-3A3CEEA89ACD}"
EndProject
Project("{FAE04EC0-301F-11D3-BF4B-00C04F79EFBC}") = "IsaArtTattoo.Notifications", "IsaArtTattoo.Notifications\IsaArtTattoo.Notifications.csproj", "{83E17C22-D87E-4EBC-89AD-830DDC58186A}"
EndProject
Project("{FAE04EC0-301F-11D3-BF4B-00C04F79EFBC}") = "IsaArtTattoo.CatalogApi", "IsaArtTattoo.CatalogApi\IsaArtTattoo.CatalogApi.csproj", "{BB4C1142-868A-662A-D7D6-7DB27926D59B}"
EndProject
Project("{FAE04EC0-301F-11D3-BF4B-00C04F79EFBC}") = "IsaArtTatto.OrdersApi", "IsaArtTatto.OrdersApi\IsaArtTatto.OrdersApi.csproj", "{F228F5AA-9FC3-9C93-5906-45F672A30AAD}"
EndProject
Global
	GlobalSection(SolutionConfigurationPlatforms) = preSolution
		Debug|Any CPU = Debug|Any CPU
		Release|Any CPU = Release|Any CPU
	EndGlobalSection
	GlobalSection(ProjectConfigurationPlatforms) = postSolution
		{43A2C0B3-4B65-4580-8D5F-62D9EDDAEB13}.Debug|Any CPU.ActiveCfg = Debug|Any CPU
		{43A2C0B3-4B65-4580-8D5F-62D9EDDAEB13}.Debug|Any CPU.Build.0 = Debug|Any CPU
		{43A2C0B3-4B65-4580-8D5F-62D9EDDAEB13}.Release|Any CPU.ActiveCfg = Release|Any CPU
		{43A2C0B3-4B65-4580-8D5F-62D9EDDAEB13}.Release|Any CPU.Build.0 = Release|Any CPU
		{5290EE2B-7902-A432-2AC9-47B83468A414}.Debug|Any CPU.ActiveCfg = Debug|Any CPU
		{5290EE2B-7902-A432-2AC9-47B83468A414}.Debug|Any CPU.Build.0 = Debug|Any CPU
		{5290EE2B-7902-A432-2AC9-47B83468A414}.Release|Any CPU.ActiveCfg = Release|Any CPU
		{5290EE2B-7902-A432-2AC9-47B83468A414}.Release|Any CPU.Build.0 = Release|Any CPU
		{BA630B1B-986E-9361-B078-5C4DC6F06C79}.Debug|Any CPU.ActiveCfg = Debug|Any CPU
		{BA630B1B-986E-9361-B078-5C4DC6F06C79}.Debug|Any CPU.Build.0 = Debug|Any CPU
		{BA630B1B-986E-9361-B078-5C4DC6F06C79}.Release|Any CPU.ActiveCfg = Release|Any CPU
		{BA630B1B-986E-9361-B078-5C4DC6F06C79}.Release|Any CPU.Build.0 = Release|Any CPU
		{64451A0E-A678-009B-C54F-FFB51DED231E}.Debug|Any CPU.ActiveCfg = Debug|Any CPU
		{64451A0E-A678-009B-C54F-FFB51DED231E}.Debug|Any CPU.Build.0 = Debug|Any CPU
		{64451A0E-A678-009B-C54F-FFB51DED231E}.Debug|Any CPU.Deploy.0 = Debug|Any CPU
		{64451A0E-A678-009B-C54F-FFB51DED231E}.Release|Any CPU.ActiveCfg = Release|Any CPU
		{64451A0E-A678-009B-C54F-FFB51DED231E}.Release|Any CPU.Build.0 = Release|Any CPU
		{64451A0E-A678-009B-C54F-FFB51DED231E}.Release|Any CPU.Deploy.0 = Release|Any CPU
		{BD6F8E6F-6855-C1B4-03FF-3229C423A818}.Debug|Any CPU.ActiveCfg = Debug|Any CPU
		{BD6F8E6F-6855-C1B4-03FF-3229C423A818}.Debug|Any CPU.Build.0 = Debug|Any CPU
		{BD6F8E6F-6855-C1B4-03FF-3229C423A818}.Release|Any CPU.ActiveCfg = Release|Any CPU
		{BD6F8E6F-6855-C1B4-03FF-3229C423A818}.Release|Any CPU.Build.0 = Release|Any CPU
		{9B9A6C35-82C7-4A5D-A4AB-3A3CEEA89ACD}.Debug|Any CPU.ActiveCfg = Debug|Any CPU
		{9B9A6C35-82C7-4A5D-A4AB-3A3CEEA89ACD}.Debug|Any CPU.Build.0 = Debug|Any CPU
		{9B9A6C35-82C7-4A5D-A4AB-3A3CEEA89ACD}.Release|Any CPU.ActiveCfg = Release|Any CPU
		{9B9A6C35-82C7-4A5D-A4AB-3A3CEEA89ACD}.Release|Any CPU.Build.0 = Release|Any CPU
		{83E17C22-D87E-4EBC-89AD-830DDC58186A}.Debug|Any CPU.ActiveCfg = Debug|Any CPU
		{83E17C22-D87E-4EBC-89AD-830DDC58186A}.Debug|Any CPU.Build.0 = Debug|Any CPU
		{83E17C22-D87E-4EBC-89AD-830DDC58186A}.Release|Any CPU.ActiveCfg = Release|Any CPU
		{83E17C22-D87E-4EBC-89AD-830DDC58186A}.Release|Any CPU.Build.0 = Release|Any CPU
		{BB4C1142-868A-662A-D7D6-7DB27926D59B}.Debug|Any CPU.ActiveCfg = Debug|Any CPU
		{BB4C1142-868A-662A-D7D6-7DB27926D59B}.Debug|Any CPU.Build.0 = Debug|Any CPU
		{BB4C1142-868A-662A-D7D6-7DB27926D59B}.Release|Any CPU.ActiveCfg = Release|Any CPU
		{BB4C1142-868A-662A-D7D6-7DB27926D59B}.Release|Any CPU.Build.0 = Release|Any CPU
		{F228F5AA-9FC3-9C93-5906-45F672A30AAD}.Debug|Any CPU.ActiveCfg = Debug|Any CPU
		{F228F5AA-9FC3-9C93-5906-45F672A30AAD}.Debug|Any CPU.Build.0 = Debug|Any CPU
		{F228F5AA-9FC3-9C93-5906-45F672A30AAD}.Release|Any CPU.ActiveCfg = Release|Any CPU
		{F228F5AA-9FC3-9C93-5906-45F672A30AAD}.Release|Any CPU.Build.0 = Release|Any CPU
	EndGlobalSection
	GlobalSection(SolutionProperties) = preSolution
		HideSolutionNode = FALSE
	EndGlobalSection
	GlobalSection(ExtensibilityGlobals) = postSolution
		SolutionGuid = {E1B5B2C3-2C9F-44F1-95AF-51799725B865}
	EndGlobalSection
EndGlobal
