Microsoft Visual Studio Solution File, Format Version 12.00
# Visual Studio Version 17
VisualStudioVersion = 17.13.35931.197 d17.13
MinimumVisualStudioVersion = 10.0.40219.1
Project("{FAE04EC0-301F-11D3-BF4B-00C04F79EFBC}") = "IsaArtTattoo.AppHost", "IsaArtTattoo.AppHost\IsaArtTattoo.AppHost.csproj", "{43A2C0B3-4B65-4580-8D5F-62D9EDDAEB13}"
EndProject
Project("{FAE04EC0-301F-11D3-BF4B-00C04F79EFBC}") = "IsaArtTattoo.ServiceDefaults", "IsaArtTattoo.ServiceDefaults\IsaArtTattoo.ServiceDefaults.csproj", "{5290EE2B-7902-A432-2AC9-47B83468A414}"
EndProject
Project("{FAE04EC0-301F-11D3-BF4B-00C04F79EFBC}") = "IsaArtTattoo.IdentityApi", "IsaArtTattoo.IdentityApi\IsaArtTattoo.IdentityApi.csproj", "{BA630B1B-986E-9361-B078-5C4DC6F06C79}"
EndProject
Global
	GlobalSection(SolutionConfigurationPlatforms) = preSolution
		Debug|Any CPU = Debug|Any CPU
		Release|Any CPU = Release|Any CPU
	EndGlobalSection
	GlobalSection(ProjectConfigurationPlatforms) = postSolution
		{43A2C0B3-4B65-4580-8D5F-62D9EDDAEB13}.Debug|Any CPU.ActiveCfg = Debug|Any CPU
		{43A2C0B3-4B65-4580-8D5F-62D9EDDAEB13}.Debug|Any CPU.Build.0 = Debug|Any CPU
		{43A2C0B3-4B65-4580-8D5F-62D9EDDAEB13}.Release|Any CPU.ActiveCfg = Release|Any CPU
		{43A2C0B3-4B65-4580-8D5F-62D9EDDAEB13}.Release|Any CPU.Build.0 = Release|Any CPU
		{5290EE2B-7902-A432-2AC9-47B83468A414}.Debug|Any CPU.ActiveCfg = Debug|Any CPU
		{5290EE2B-7902-A432-2AC9-47B83468A414}.Debug|Any CPU.Build.0 = Debug|Any CPU
		{5290EE2B-7902-A432-2AC9-47B83468A414}.Release|Any CPU.ActiveCfg = Release|Any CPU
		{5290EE2B-7902-A432-2AC9-47B83468A414}.Release|Any CPU.Build.0 = Release|Any CPU
		{BA630B1B-986E-9361-B078-5C4DC6F06C79}.Debug|Any CPU.ActiveCfg = Debug|Any CPU
		{BA630B1B-986E-9361-B078-5C4DC6F06C79}.Debug|Any CPU.Build.0 = Debug|Any CPU
		{BA630B1B-986E-9361-B078-5C4DC6F06C79}.Release|Any CPU.ActiveCfg = Release|Any CPU
		{BA630B1B-986E-9361-B078-5C4DC6F06C79}.Release|Any CPU.Build.0 = Release|Any CPU
	EndGlobalSection
	GlobalSection(SolutionProperties) = preSolution
		HideSolutionNode = FALSE
	EndGlobalSection
	GlobalSection(ExtensibilityGlobals) = postSolution
		SolutionGuid = {E1B5B2C3-2C9F-44F1-95AF-51799725B865}
	EndGlobalSection
EndGlobal
